
Microsoft Visual Studio Solution File, Format Version 12.00
# Visual Studio 2013
VisualStudioVersion = 12.0.21005.1
MinimumVisualStudioVersion = 10.0.40219.1
Project("{FAE04EC0-301F-11D3-BF4B-00C04F79EFBC}") = "WebApp", "WebApp\WebApp.csproj", "{9D97B1B0-6B56-4445-9C9F-97946463BB28}"
EndProject
Project("{FAE04EC0-301F-11D3-BF4B-00C04F79EFBC}") = "DAL", "DAL\DAL.csproj", "{96322A73-7821-4827-A82E-80834AAFD7A5}"
EndProject
Project("{FAE04EC0-301F-11D3-BF4B-00C04F79EFBC}") = "BL", "BL\BL.csproj", "{EEEEC07E-1E67-444E-9F37-F5C8B83A3077}"
EndProject
Global
	GlobalSection(SolutionConfigurationPlatforms) = preSolution
		Debug|Any CPU = Debug|Any CPU
		Release|Any CPU = Release|Any CPU
	EndGlobalSection
	GlobalSection(ProjectConfigurationPlatforms) = postSolution
		{9D97B1B0-6B56-4445-9C9F-97946463BB28}.Debug|Any CPU.ActiveCfg = Debug|Any CPU
		{9D97B1B0-6B56-4445-9C9F-97946463BB28}.Debug|Any CPU.Build.0 = Debug|Any CPU
		{9D97B1B0-6B56-4445-9C9F-97946463BB28}.Release|Any CPU.ActiveCfg = Release|Any CPU
		{9D97B1B0-6B56-4445-9C9F-97946463BB28}.Release|Any CPU.Build.0 = Release|Any CPU
		{96322A73-7821-4827-A82E-80834AAFD7A5}.Debug|Any CPU.ActiveCfg = Debug|Any CPU
		{96322A73-7821-4827-A82E-80834AAFD7A5}.Debug|Any CPU.Build.0 = Debug|Any CPU
		{96322A73-7821-4827-A82E-80834AAFD7A5}.Release|Any CPU.ActiveCfg = Release|Any CPU
		{96322A73-7821-4827-A82E-80834AAFD7A5}.Release|Any CPU.Build.0 = Release|Any CPU
		{EEEEC07E-1E67-444E-9F37-F5C8B83A3077}.Debug|Any CPU.ActiveCfg = Debug|Any CPU
		{EEEEC07E-1E67-444E-9F37-F5C8B83A3077}.Debug|Any CPU.Build.0 = Debug|Any CPU
		{EEEEC07E-1E67-444E-9F37-F5C8B83A3077}.Release|Any CPU.ActiveCfg = Release|Any CPU
		{EEEEC07E-1E67-444E-9F37-F5C8B83A3077}.Release|Any CPU.Build.0 = Release|Any CPU
	EndGlobalSection
	GlobalSection(SolutionProperties) = preSolution
		HideSolutionNode = FALSE
	EndGlobalSection
EndGlobal
